
Microsoft Visual Studio Solution File, Format Version 12.00
# Visual Studio Version 17
VisualStudioVersion = 17.5.33516.290
MinimumVisualStudioVersion = 10.0.40219.1
Project("{2150E333-8FDC-42A3-9474-1A3956D46DE8}") = "Services", "Services", "{62C5E136-A2DB-46ED-B19E-1047E5FBA853}"
EndProject
Project("{2150E333-8FDC-42A3-9474-1A3956D46DE8}") = "Product", "Product", "{B9A7592F-20A8-4D30-9B90-E8B8839BFDA7}"
EndProject
Project("{9A19103F-16F7-4668-BE54-9A1E7A4F7556}") = "MyProduct.Api", "Services\Product\MyProduct.Api\MyProduct.Api.csproj", "{C4628D66-B7E5-431D-B8D0-6840672439A7}"
EndProject
Project("{2150E333-8FDC-42A3-9474-1A3956D46DE8}") = "Basket", "Basket", "{07F12BC4-95F4-4B25-9CEC-A231B7B0A2E2}"
EndProject
Project("{9A19103F-16F7-4668-BE54-9A1E7A4F7556}") = "MyBasket.Api", "Services\Basket\MyBasket.Api\MyBasket.Api.csproj", "{5FDD6E8D-E138-4521-B8A1-6A3187B9404A}"
EndProject
Project("{E53339B2-1760-4266-BCC7-CA923CBCF16C}") = "docker-compose", "docker-compose.dcproj", "{73BDA9FA-C3DC-46EF-84ED-4203D1D206AB}"
EndProject
Project("{2150E333-8FDC-42A3-9474-1A3956D46DE8}") = "Discount", "Discount", "{662F3B18-A850-4282-9991-73CB8EEB1218}"
EndProject
Project("{9A19103F-16F7-4668-BE54-9A1E7A4F7556}") = "Discount.Api", "Services\Discount\Discount.Api\Discount.Api.csproj", "{DE7727AE-1947-48A4-9348-429310CEE57D}"
EndProject
Project("{9A19103F-16F7-4668-BE54-9A1E7A4F7556}") = "Discount.Grpc", "Services\Discount\Discount.Grpc\Discount.Grpc.csproj", "{422796DE-F1C6-4FC6-97A7-3526E593B053}"
EndProject
Project("{2150E333-8FDC-42A3-9474-1A3956D46DE8}") = "Order", "Order", "{FADDAE42-7932-48BD-BE6A-B710D99D0843}"
EndProject
Project("{9A19103F-16F7-4668-BE54-9A1E7A4F7556}") = "Ordering.Api", "Services\Order\Ordering.Api\Ordering.Api.csproj", "{9748D948-ED2A-4541-A4C4-B2962ABAA507}"
EndProject
Project("{9A19103F-16F7-4668-BE54-9A1E7A4F7556}") = "Ordering.Domain", "Services\Order\Ordering.Domain\Ordering.Domain.csproj", "{C57142C2-6A1A-4E0C-97C3-41B4225AEF70}"
EndProject
Project("{9A19103F-16F7-4668-BE54-9A1E7A4F7556}") = "Ordering.Application", "Services\Order\Ordering.Application\Ordering.Application.csproj", "{9E8FD0F3-D1BE-490E-A503-6D6D445198B2}"
EndProject
Project("{9A19103F-16F7-4668-BE54-9A1E7A4F7556}") = "Ordering.Infrastracture", "Services\Order\Ordering.Infrastracture\Ordering.Infrastracture.csproj", "{9F6FB9C9-32A0-4610-8ED9-1F3460E022B1}"
EndProject
Project("{2150E333-8FDC-42A3-9474-1A3956D46DE8}") = "BuildingBlocks", "BuildingBlocks", "{EEB7743D-9D06-46C3-A3F3-11E153186EA2}"
EndProject
Project("{9A19103F-16F7-4668-BE54-9A1E7A4F7556}") = "EventBus.Messages", "BuildingBlocks\EventBus.Messages\EventBus.Messages.csproj", "{7130600A-4330-4C27-BC32-926F6C3F94F7}"
EndProject
Project("{2150E333-8FDC-42A3-9474-1A3956D46DE8}") = "ApiGateways", "ApiGateways", "{9D34BC1C-C632-43EB-8C13-A538B2BE7ECC}"
EndProject
Project("{9A19103F-16F7-4668-BE54-9A1E7A4F7556}") = "OcelotApiGw", "ApiGateways\OcelotApiGw\OcelotApiGw.csproj", "{274260D5-3208-46D2-9A64-A1225D37E8ED}"
EndProject
Project("{FAE04EC0-301F-11D3-BF4B-00C04F79EFBC}") = "Shopping.Aggregator", "ApiGateways\Shopping.Aggregator\Shopping.Aggregator.csproj", "{11FEE254-37A4-467A-935B-C9D87CAA993F}"
EndProject
Global
	GlobalSection(SolutionConfigurationPlatforms) = preSolution
		Debug|Any CPU = Debug|Any CPU
		Release|Any CPU = Release|Any CPU
	EndGlobalSection
	GlobalSection(ProjectConfigurationPlatforms) = postSolution
		{C4628D66-B7E5-431D-B8D0-6840672439A7}.Debug|Any CPU.ActiveCfg = Debug|Any CPU
		{C4628D66-B7E5-431D-B8D0-6840672439A7}.Debug|Any CPU.Build.0 = Debug|Any CPU
		{C4628D66-B7E5-431D-B8D0-6840672439A7}.Release|Any CPU.ActiveCfg = Release|Any CPU
		{C4628D66-B7E5-431D-B8D0-6840672439A7}.Release|Any CPU.Build.0 = Release|Any CPU
		{5FDD6E8D-E138-4521-B8A1-6A3187B9404A}.Debug|Any CPU.ActiveCfg = Debug|Any CPU
		{5FDD6E8D-E138-4521-B8A1-6A3187B9404A}.Debug|Any CPU.Build.0 = Debug|Any CPU
		{5FDD6E8D-E138-4521-B8A1-6A3187B9404A}.Release|Any CPU.ActiveCfg = Release|Any CPU
		{5FDD6E8D-E138-4521-B8A1-6A3187B9404A}.Release|Any CPU.Build.0 = Release|Any CPU
		{73BDA9FA-C3DC-46EF-84ED-4203D1D206AB}.Debug|Any CPU.ActiveCfg = Debug|Any CPU
		{73BDA9FA-C3DC-46EF-84ED-4203D1D206AB}.Debug|Any CPU.Build.0 = Debug|Any CPU
		{73BDA9FA-C3DC-46EF-84ED-4203D1D206AB}.Release|Any CPU.ActiveCfg = Release|Any CPU
		{73BDA9FA-C3DC-46EF-84ED-4203D1D206AB}.Release|Any CPU.Build.0 = Release|Any CPU
		{DE7727AE-1947-48A4-9348-429310CEE57D}.Debug|Any CPU.ActiveCfg = Debug|Any CPU
		{DE7727AE-1947-48A4-9348-429310CEE57D}.Debug|Any CPU.Build.0 = Debug|Any CPU
		{DE7727AE-1947-48A4-9348-429310CEE57D}.Release|Any CPU.ActiveCfg = Release|Any CPU
		{DE7727AE-1947-48A4-9348-429310CEE57D}.Release|Any CPU.Build.0 = Release|Any CPU
		{422796DE-F1C6-4FC6-97A7-3526E593B053}.Debug|Any CPU.ActiveCfg = Debug|Any CPU
		{422796DE-F1C6-4FC6-97A7-3526E593B053}.Debug|Any CPU.Build.0 = Debug|Any CPU
		{422796DE-F1C6-4FC6-97A7-3526E593B053}.Release|Any CPU.ActiveCfg = Release|Any CPU
		{422796DE-F1C6-4FC6-97A7-3526E593B053}.Release|Any CPU.Build.0 = Release|Any CPU
		{9748D948-ED2A-4541-A4C4-B2962ABAA507}.Debug|Any CPU.ActiveCfg = Debug|Any CPU
		{9748D948-ED2A-4541-A4C4-B2962ABAA507}.Debug|Any CPU.Build.0 = Debug|Any CPU
		{9748D948-ED2A-4541-A4C4-B2962ABAA507}.Release|Any CPU.ActiveCfg = Release|Any CPU
		{9748D948-ED2A-4541-A4C4-B2962ABAA507}.Release|Any CPU.Build.0 = Release|Any CPU
		{C57142C2-6A1A-4E0C-97C3-41B4225AEF70}.Debug|Any CPU.ActiveCfg = Debug|Any CPU
		{C57142C2-6A1A-4E0C-97C3-41B4225AEF70}.Debug|Any CPU.Build.0 = Debug|Any CPU
		{C57142C2-6A1A-4E0C-97C3-41B4225AEF70}.Release|Any CPU.ActiveCfg = Release|Any CPU
		{C57142C2-6A1A-4E0C-97C3-41B4225AEF70}.Release|Any CPU.Build.0 = Release|Any CPU
		{9E8FD0F3-D1BE-490E-A503-6D6D445198B2}.Debug|Any CPU.ActiveCfg = Debug|Any CPU
		{9E8FD0F3-D1BE-490E-A503-6D6D445198B2}.Debug|Any CPU.Build.0 = Debug|Any CPU
		{9E8FD0F3-D1BE-490E-A503-6D6D445198B2}.Release|Any CPU.ActiveCfg = Release|Any CPU
		{9E8FD0F3-D1BE-490E-A503-6D6D445198B2}.Release|Any CPU.Build.0 = Release|Any CPU
		{9F6FB9C9-32A0-4610-8ED9-1F3460E022B1}.Debug|Any CPU.ActiveCfg = Debug|Any CPU
		{9F6FB9C9-32A0-4610-8ED9-1F3460E022B1}.Debug|Any CPU.Build.0 = Debug|Any CPU
		{9F6FB9C9-32A0-4610-8ED9-1F3460E022B1}.Release|Any CPU.ActiveCfg = Release|Any CPU
		{9F6FB9C9-32A0-4610-8ED9-1F3460E022B1}.Release|Any CPU.Build.0 = Release|Any CPU
		{7130600A-4330-4C27-BC32-926F6C3F94F7}.Debug|Any CPU.ActiveCfg = Debug|Any CPU
		{7130600A-4330-4C27-BC32-926F6C3F94F7}.Debug|Any CPU.Build.0 = Debug|Any CPU
		{7130600A-4330-4C27-BC32-926F6C3F94F7}.Release|Any CPU.ActiveCfg = Release|Any CPU
		{7130600A-4330-4C27-BC32-926F6C3F94F7}.Release|Any CPU.Build.0 = Release|Any CPU
		{274260D5-3208-46D2-9A64-A1225D37E8ED}.Debug|Any CPU.ActiveCfg = Debug|Any CPU
		{274260D5-3208-46D2-9A64-A1225D37E8ED}.Debug|Any CPU.Build.0 = Debug|Any CPU
		{274260D5-3208-46D2-9A64-A1225D37E8ED}.Release|Any CPU.ActiveCfg = Release|Any CPU
		{274260D5-3208-46D2-9A64-A1225D37E8ED}.Release|Any CPU.Build.0 = Release|Any CPU
		{11FEE254-37A4-467A-935B-C9D87CAA993F}.Debug|Any CPU.ActiveCfg = Debug|Any CPU
		{11FEE254-37A4-467A-935B-C9D87CAA993F}.Debug|Any CPU.Build.0 = Debug|Any CPU
		{11FEE254-37A4-467A-935B-C9D87CAA993F}.Release|Any CPU.ActiveCfg = Release|Any CPU
		{11FEE254-37A4-467A-935B-C9D87CAA993F}.Release|Any CPU.Build.0 = Release|Any CPU
	EndGlobalSection
	GlobalSection(SolutionProperties) = preSolution
		HideSolutionNode = FALSE
	EndGlobalSection
	GlobalSection(NestedProjects) = preSolution
		{B9A7592F-20A8-4D30-9B90-E8B8839BFDA7} = {62C5E136-A2DB-46ED-B19E-1047E5FBA853}
		{C4628D66-B7E5-431D-B8D0-6840672439A7} = {B9A7592F-20A8-4D30-9B90-E8B8839BFDA7}
		{07F12BC4-95F4-4B25-9CEC-A231B7B0A2E2} = {62C5E136-A2DB-46ED-B19E-1047E5FBA853}
		{5FDD6E8D-E138-4521-B8A1-6A3187B9404A} = {07F12BC4-95F4-4B25-9CEC-A231B7B0A2E2}
		{662F3B18-A850-4282-9991-73CB8EEB1218} = {62C5E136-A2DB-46ED-B19E-1047E5FBA853}
		{DE7727AE-1947-48A4-9348-429310CEE57D} = {662F3B18-A850-4282-9991-73CB8EEB1218}
		{422796DE-F1C6-4FC6-97A7-3526E593B053} = {662F3B18-A850-4282-9991-73CB8EEB1218}
		{FADDAE42-7932-48BD-BE6A-B710D99D0843} = {62C5E136-A2DB-46ED-B19E-1047E5FBA853}
		{9748D948-ED2A-4541-A4C4-B2962ABAA507} = {FADDAE42-7932-48BD-BE6A-B710D99D0843}
		{C57142C2-6A1A-4E0C-97C3-41B4225AEF70} = {FADDAE42-7932-48BD-BE6A-B710D99D0843}
		{9E8FD0F3-D1BE-490E-A503-6D6D445198B2} = {FADDAE42-7932-48BD-BE6A-B710D99D0843}
		{9F6FB9C9-32A0-4610-8ED9-1F3460E022B1} = {FADDAE42-7932-48BD-BE6A-B710D99D0843}
		{7130600A-4330-4C27-BC32-926F6C3F94F7} = {EEB7743D-9D06-46C3-A3F3-11E153186EA2}
		{274260D5-3208-46D2-9A64-A1225D37E8ED} = {9D34BC1C-C632-43EB-8C13-A538B2BE7ECC}
		{11FEE254-37A4-467A-935B-C9D87CAA993F} = {9D34BC1C-C632-43EB-8C13-A538B2BE7ECC}
	EndGlobalSection
	GlobalSection(ExtensibilityGlobals) = postSolution
		SolutionGuid = {570E81B3-A527-42F6-A1E5-DD1EFDAD7DC6}
	EndGlobalSection
EndGlobal
